// !$*UTF8*$!
{
	archiveVersion = 1;
	classes = {
	};
	objectVersion = 56;
	objects = {

/* Begin PBXBuildFile section */
		E010639A2C05C34900CA9E93 /* MagazineTableViewController.swift in Sources */ = {isa = PBXBuildFile; fileRef = E01063992C05C34900CA9E93 /* MagazineTableViewController.swift */; };
		E05A62B82C01B8A600B4DDF9 /* TravelMagazine.storyboard in Resources */ = {isa = PBXBuildFile; fileRef = E05A62B72C01B8A600B4DDF9 /* TravelMagazine.storyboard */; };
		E05A62BA2C01BB1700B4DDF9 /* MagazineCell.swift in Sources */ = {isa = PBXBuildFile; fileRef = E05A62B92C01BB1700B4DDF9 /* MagazineCell.swift */; };
		E05A62BD2C01C1D300B4DDF9 /* Kingfisher in Frameworks */ = {isa = PBXBuildFile; productRef = E05A62BC2C01C1D300B4DDF9 /* Kingfisher */; };
		E05A62C02C02D74A00B4DDF9 /* Restaurant.swift in Sources */ = {isa = PBXBuildFile; fileRef = E05A62BF2C02D74A00B4DDF9 /* Restaurant.swift */; };
		E05A62C42C02D83300B4DDF9 /* RestaurantTableViewController.swift in Sources */ = {isa = PBXBuildFile; fileRef = E05A62C32C02D83300B4DDF9 /* RestaurantTableViewController.swift */; };
		E05A62C62C02D84D00B4DDF9 /* RestaurantCell.swift in Sources */ = {isa = PBXBuildFile; fileRef = E05A62C52C02D84D00B4DDF9 /* RestaurantCell.swift */; };
		E05A62DA2C04651A00B4DDF9 /* UILabel + Extension.swift in Sources */ = {isa = PBXBuildFile; fileRef = E05A62D92C04651A00B4DDF9 /* UILabel + Extension.swift */; };
		E05A62E02C046CFF00B4DDF9 /* City.storyboard in Resources */ = {isa = PBXBuildFile; fileRef = E05A62DF2C046CFF00B4DDF9 /* City.storyboard */; };
		E05A62E22C046D0C00B4DDF9 /* CityViewController.swift in Sources */ = {isa = PBXBuildFile; fileRef = E05A62E12C046D0C00B4DDF9 /* CityViewController.swift */; };
		E05A62E52C046D2000B4DDF9 /* CityCell.swift in Sources */ = {isa = PBXBuildFile; fileRef = E05A62E32C046D2000B4DDF9 /* CityCell.swift */; };
		E05A62E62C046D2000B4DDF9 /* CityCell.xib in Resources */ = {isa = PBXBuildFile; fileRef = E05A62E42C046D2000B4DDF9 /* CityCell.xib */; };
		E05A62E82C046D9E00B4DDF9 /* TravelModel.swift in Sources */ = {isa = PBXBuildFile; fileRef = E05A62E72C046D9E00B4DDF9 /* TravelModel.swift */; };
		E05A62EA2C04707200B4DDF9 /* UIImageView + Extension.swift in Sources */ = {isa = PBXBuildFile; fileRef = E05A62E92C04707200B4DDF9 /* UIImageView + Extension.swift */; };
		E05A62ED2C04746300B4DDF9 /* AdCell.swift in Sources */ = {isa = PBXBuildFile; fileRef = E05A62EB2C04746300B4DDF9 /* AdCell.swift */; };
		E05A62EE2C04746300B4DDF9 /* AdCell.xib in Resources */ = {isa = PBXBuildFile; fileRef = E05A62EC2C04746300B4DDF9 /* AdCell.xib */; };
		E05A62F02C04838F00B4DDF9 /* UITableCell + Extension.swift in Sources */ = {isa = PBXBuildFile; fileRef = E05A62EF2C04838F00B4DDF9 /* UITableCell + Extension.swift */; };
		E0ABCC3A2C06215B00C23B25 /* Cosmos in Frameworks */ = {isa = PBXBuildFile; productRef = E0ABCC392C06215B00C23B25 /* Cosmos */; };
		E0ABCC3D2C06218500C23B25 /* City+CosmosCell.swift in Sources */ = {isa = PBXBuildFile; fileRef = E0ABCC3B2C06218500C23B25 /* City+CosmosCell.swift */; };
		E0ABCC3E2C06218500C23B25 /* City+CosmosCell.xib in Resources */ = {isa = PBXBuildFile; fileRef = E0ABCC3C2C06218500C23B25 /* City+CosmosCell.xib */; };
		E0BC91AF2C0705FB009EB638 /* PopularCity.storyboard in Resources */ = {isa = PBXBuildFile; fileRef = E0BC91AE2C0705FB009EB638 /* PopularCity.storyboard */; };
		E0BC91B12C070615009EB638 /* PopularCityViewController.swift in Sources */ = {isa = PBXBuildFile; fileRef = E0BC91B02C070615009EB638 /* PopularCityViewController.swift */; };
		E0BC91B82C07065D009EB638 /* PopularCityTableViewCell.xib in Resources */ = {isa = PBXBuildFile; fileRef = E0BC91B72C07065D009EB638 /* PopularCityTableViewCell.xib */; };
		E0BC91B92C07065D009EB638 /* PopularCityTableViewCell.swift in Sources */ = {isa = PBXBuildFile; fileRef = E0BC91B62C07065D009EB638 /* PopularCityTableViewCell.swift */; };
		E0BC91BB2C070E97009EB638 /* UIView+ Extension.swift in Sources */ = {isa = PBXBuildFile; fileRef = E0BC91BA2C070E97009EB638 /* UIView+ Extension.swift */; };
		E0BC91C72C0870E4009EB638 /* RestaurantMap.storyboard in Resources */ = {isa = PBXBuildFile; fileRef = E0BC91C62C0870E4009EB638 /* RestaurantMap.storyboard */; };
		E0BC91C92C0870ED009EB638 /* RestaurantMapViewController.swift in Sources */ = {isa = PBXBuildFile; fileRef = E0BC91C82C0870ED009EB638 /* RestaurantMapViewController.swift */; };
		E0BC91CB2C0873FB009EB638 /* Font.swift in Sources */ = {isa = PBXBuildFile; fileRef = E0BC91CA2C0873FB009EB638 /* Font.swift */; };
		E0BC91CE2C0875A7009EB638 /* MyProtocol.swift in Sources */ = {isa = PBXBuildFile; fileRef = E0BC91CD2C0875A7009EB638 /* MyProtocol.swift */; };
		E0C756502C0A17BA0099B0E5 /* RestaurantTableViewCell.xib in Resources */ = {isa = PBXBuildFile; fileRef = E0C7564F2C0A17BA0099B0E5 /* RestaurantTableViewCell.xib */; };
		E0C756512C0A17BA0099B0E5 /* RestaurantTableViewCell.swift in Sources */ = {isa = PBXBuildFile; fileRef = E0C7564E2C0A17BA0099B0E5 /* RestaurantTableViewCell.swift */; };
		E0C756532C0A1B630099B0E5 /* Restaurant.storyboard in Resources */ = {isa = PBXBuildFile; fileRef = E0C756522C0A1B630099B0E5 /* Restaurant.storyboard */; };
		E0C756552C0A1B7A0099B0E5 /* RestaurantViewController.swift in Sources */ = {isa = PBXBuildFile; fileRef = E0C756542C0A1B7A0099B0E5 /* RestaurantViewController.swift */; };
		E0C756582C0A1D140099B0E5 /* FilterTableViewCell.xib in Resources */ = {isa = PBXBuildFile; fileRef = E0C756572C0A1D140099B0E5 /* FilterTableViewCell.xib */; };
		E0C756592C0A1D140099B0E5 /* FilterTableViewCell.swift in Sources */ = {isa = PBXBuildFile; fileRef = E0C756562C0A1D140099B0E5 /* FilterTableViewCell.swift */; };
		E0D5E08D2C06FE5B009E2191 /* CityDetail.storyboard in Resources */ = {isa = PBXBuildFile; fileRef = E0D5E08C2C06FE5B009E2191 /* CityDetail.storyboard */; };
		E0D5E08F2C06FE63009E2191 /* CityDetailViewController.swift in Sources */ = {isa = PBXBuildFile; fileRef = E0D5E08E2C06FE63009E2191 /* CityDetailViewController.swift */; };
		E0D5E0952C070465009E2191 /* CityInfo.swift in Sources */ = {isa = PBXBuildFile; fileRef = E0D5E0942C070465009E2191 /* CityInfo.swift */; };
		E0D80E5B2C00A90400EAF595 /* AppDelegate.swift in Sources */ = {isa = PBXBuildFile; fileRef = E0D80E5A2C00A90400EAF595 /* AppDelegate.swift */; };
		E0D80E5D2C00A90400EAF595 /* SceneDelegate.swift in Sources */ = {isa = PBXBuildFile; fileRef = E0D80E5C2C00A90400EAF595 /* SceneDelegate.swift */; };
		E0D80E642C00A90400EAF595 /* Assets.xcassets in Resources */ = {isa = PBXBuildFile; fileRef = E0D80E632C00A90400EAF595 /* Assets.xcassets */; };
		E0D80E672C00A90400EAF595 /* Base in Resources */ = {isa = PBXBuildFile; fileRef = E0D80E662C00A90400EAF595 /* Base */; };
		E0D80E6F2C00A91200EAF595 /* Magazine.swift in Sources */ = {isa = PBXBuildFile; fileRef = E0D80E6E2C00A91200EAF595 /* Magazine.swift */; };
		E0E49F432C0D5D2100DA4BCB /* UIColor + Extension.swift in Sources */ = {isa = PBXBuildFile; fileRef = E0E49F422C0D5D2100DA4BCB /* UIColor + Extension.swift */; };
/* End PBXBuildFile section */

/* Begin PBXFileReference section */
		E01063992C05C34900CA9E93 /* MagazineTableViewController.swift */ = {isa = PBXFileReference; lastKnownFileType = sourcecode.swift; path = MagazineTableViewController.swift; sourceTree = "<group>"; };
		E05A62B72C01B8A600B4DDF9 /* TravelMagazine.storyboard */ = {isa = PBXFileReference; lastKnownFileType = file.storyboard; path = TravelMagazine.storyboard; sourceTree = "<group>"; };
		E05A62B92C01BB1700B4DDF9 /* MagazineCell.swift */ = {isa = PBXFileReference; lastKnownFileType = sourcecode.swift; path = MagazineCell.swift; sourceTree = "<group>"; };
		E05A62BF2C02D74A00B4DDF9 /* Restaurant.swift */ = {isa = PBXFileReference; fileEncoding = 4; lastKnownFileType = sourcecode.swift; path = Restaurant.swift; sourceTree = "<group>"; };
		E05A62C32C02D83300B4DDF9 /* RestaurantTableViewController.swift */ = {isa = PBXFileReference; lastKnownFileType = sourcecode.swift; path = RestaurantTableViewController.swift; sourceTree = "<group>"; };
		E05A62C52C02D84D00B4DDF9 /* RestaurantCell.swift */ = {isa = PBXFileReference; lastKnownFileType = sourcecode.swift; path = RestaurantCell.swift; sourceTree = "<group>"; };
		E05A62D92C04651A00B4DDF9 /* UILabel + Extension.swift */ = {isa = PBXFileReference; lastKnownFileType = sourcecode.swift; path = "UILabel + Extension.swift"; sourceTree = "<group>"; };
		E05A62DF2C046CFF00B4DDF9 /* City.storyboard */ = {isa = PBXFileReference; lastKnownFileType = file.storyboard; path = City.storyboard; sourceTree = "<group>"; };
		E05A62E12C046D0C00B4DDF9 /* CityViewController.swift */ = {isa = PBXFileReference; lastKnownFileType = sourcecode.swift; path = CityViewController.swift; sourceTree = "<group>"; };
		E05A62E32C046D2000B4DDF9 /* CityCell.swift */ = {isa = PBXFileReference; lastKnownFileType = sourcecode.swift; path = CityCell.swift; sourceTree = "<group>"; };
		E05A62E42C046D2000B4DDF9 /* CityCell.xib */ = {isa = PBXFileReference; lastKnownFileType = file.xib; path = CityCell.xib; sourceTree = "<group>"; };
		E05A62E72C046D9E00B4DDF9 /* TravelModel.swift */ = {isa = PBXFileReference; fileEncoding = 4; lastKnownFileType = sourcecode.swift; path = TravelModel.swift; sourceTree = "<group>"; };
		E05A62E92C04707200B4DDF9 /* UIImageView + Extension.swift */ = {isa = PBXFileReference; lastKnownFileType = sourcecode.swift; path = "UIImageView + Extension.swift"; sourceTree = "<group>"; };
		E05A62EB2C04746300B4DDF9 /* AdCell.swift */ = {isa = PBXFileReference; lastKnownFileType = sourcecode.swift; path = AdCell.swift; sourceTree = "<group>"; };
		E05A62EC2C04746300B4DDF9 /* AdCell.xib */ = {isa = PBXFileReference; lastKnownFileType = file.xib; path = AdCell.xib; sourceTree = "<group>"; };
		E05A62EF2C04838F00B4DDF9 /* UITableCell + Extension.swift */ = {isa = PBXFileReference; lastKnownFileType = sourcecode.swift; path = "UITableCell + Extension.swift"; sourceTree = "<group>"; };
		E0ABCC3B2C06218500C23B25 /* City+CosmosCell.swift */ = {isa = PBXFileReference; lastKnownFileType = sourcecode.swift; path = "City+CosmosCell.swift"; sourceTree = "<group>"; };
		E0ABCC3C2C06218500C23B25 /* City+CosmosCell.xib */ = {isa = PBXFileReference; lastKnownFileType = file.xib; path = "City+CosmosCell.xib"; sourceTree = "<group>"; };
		E0BC91AE2C0705FB009EB638 /* PopularCity.storyboard */ = {isa = PBXFileReference; lastKnownFileType = file.storyboard; path = PopularCity.storyboard; sourceTree = "<group>"; };
		E0BC91B02C070615009EB638 /* PopularCityViewController.swift */ = {isa = PBXFileReference; lastKnownFileType = sourcecode.swift; path = PopularCityViewController.swift; sourceTree = "<group>"; };
		E0BC91B62C07065D009EB638 /* PopularCityTableViewCell.swift */ = {isa = PBXFileReference; lastKnownFileType = sourcecode.swift; path = PopularCityTableViewCell.swift; sourceTree = "<group>"; };
		E0BC91B72C07065D009EB638 /* PopularCityTableViewCell.xib */ = {isa = PBXFileReference; lastKnownFileType = file.xib; path = PopularCityTableViewCell.xib; sourceTree = "<group>"; };
		E0BC91BA2C070E97009EB638 /* UIView+ Extension.swift */ = {isa = PBXFileReference; lastKnownFileType = sourcecode.swift; path = "UIView+ Extension.swift"; sourceTree = "<group>"; };
		E0BC91C62C0870E4009EB638 /* RestaurantMap.storyboard */ = {isa = PBXFileReference; lastKnownFileType = file.storyboard; path = RestaurantMap.storyboard; sourceTree = "<group>"; };
		E0BC91C82C0870ED009EB638 /* RestaurantMapViewController.swift */ = {isa = PBXFileReference; lastKnownFileType = sourcecode.swift; path = RestaurantMapViewController.swift; sourceTree = "<group>"; };
		E0BC91CA2C0873FB009EB638 /* Font.swift */ = {isa = PBXFileReference; lastKnownFileType = sourcecode.swift; path = Font.swift; sourceTree = "<group>"; };
		E0BC91CD2C0875A7009EB638 /* MyProtocol.swift */ = {isa = PBXFileReference; lastKnownFileType = sourcecode.swift; path = MyProtocol.swift; sourceTree = "<group>"; };
		E0C7564E2C0A17BA0099B0E5 /* RestaurantTableViewCell.swift */ = {isa = PBXFileReference; lastKnownFileType = sourcecode.swift; path = RestaurantTableViewCell.swift; sourceTree = "<group>"; };
		E0C7564F2C0A17BA0099B0E5 /* RestaurantTableViewCell.xib */ = {isa = PBXFileReference; lastKnownFileType = file.xib; path = RestaurantTableViewCell.xib; sourceTree = "<group>"; };
		E0C756522C0A1B630099B0E5 /* Restaurant.storyboard */ = {isa = PBXFileReference; lastKnownFileType = file.storyboard; path = Restaurant.storyboard; sourceTree = "<group>"; };
		E0C756542C0A1B7A0099B0E5 /* RestaurantViewController.swift */ = {isa = PBXFileReference; lastKnownFileType = sourcecode.swift; path = RestaurantViewController.swift; sourceTree = "<group>"; };
		E0C756562C0A1D140099B0E5 /* FilterTableViewCell.swift */ = {isa = PBXFileReference; lastKnownFileType = sourcecode.swift; path = FilterTableViewCell.swift; sourceTree = "<group>"; };
		E0C756572C0A1D140099B0E5 /* FilterTableViewCell.xib */ = {isa = PBXFileReference; lastKnownFileType = file.xib; path = FilterTableViewCell.xib; sourceTree = "<group>"; };
		E0D5E08C2C06FE5B009E2191 /* CityDetail.storyboard */ = {isa = PBXFileReference; lastKnownFileType = file.storyboard; path = CityDetail.storyboard; sourceTree = "<group>"; };
		E0D5E08E2C06FE63009E2191 /* CityDetailViewController.swift */ = {isa = PBXFileReference; lastKnownFileType = sourcecode.swift; path = CityDetailViewController.swift; sourceTree = "<group>"; };
		E0D5E0942C070465009E2191 /* CityInfo.swift */ = {isa = PBXFileReference; fileEncoding = 4; lastKnownFileType = sourcecode.swift; path = CityInfo.swift; sourceTree = "<group>"; };
		E0D80E572C00A90400EAF595 /* TableView_Travel.app */ = {isa = PBXFileReference; explicitFileType = wrapper.application; includeInIndex = 0; path = TableView_Travel.app; sourceTree = BUILT_PRODUCTS_DIR; };
		E0D80E5A2C00A90400EAF595 /* AppDelegate.swift */ = {isa = PBXFileReference; lastKnownFileType = sourcecode.swift; path = AppDelegate.swift; sourceTree = "<group>"; };
		E0D80E5C2C00A90400EAF595 /* SceneDelegate.swift */ = {isa = PBXFileReference; lastKnownFileType = sourcecode.swift; path = SceneDelegate.swift; sourceTree = "<group>"; };
		E0D80E632C00A90400EAF595 /* Assets.xcassets */ = {isa = PBXFileReference; lastKnownFileType = folder.assetcatalog; path = Assets.xcassets; sourceTree = "<group>"; };
		E0D80E662C00A90400EAF595 /* Base */ = {isa = PBXFileReference; lastKnownFileType = file.storyboard; name = Base; path = Base.lproj/LaunchScreen.storyboard; sourceTree = "<group>"; };
		E0D80E682C00A90400EAF595 /* Info.plist */ = {isa = PBXFileReference; lastKnownFileType = text.plist.xml; path = Info.plist; sourceTree = "<group>"; };
		E0D80E6E2C00A91200EAF595 /* Magazine.swift */ = {isa = PBXFileReference; lastKnownFileType = sourcecode.swift; path = Magazine.swift; sourceTree = "<group>"; };
		E0E49F422C0D5D2100DA4BCB /* UIColor + Extension.swift */ = {isa = PBXFileReference; lastKnownFileType = sourcecode.swift; path = "UIColor + Extension.swift"; sourceTree = "<group>"; };
/* End PBXFileReference section */

/* Begin PBXFrameworksBuildPhase section */
		E0D80E542C00A90400EAF595 /* Frameworks */ = {
			isa = PBXFrameworksBuildPhase;
			buildActionMask = 2147483647;
			files = (
				E0ABCC3A2C06215B00C23B25 /* Cosmos in Frameworks */,
				E05A62BD2C01C1D300B4DDF9 /* Kingfisher in Frameworks */,
			);
			runOnlyForDeploymentPostprocessing = 0;
		};
/* End PBXFrameworksBuildPhase section */

/* Begin PBXGroup section */
		E01063962C05C0CE00CA9E93 /* Magazine */ = {
			isa = PBXGroup;
			children = (
				E0BC91B42C07063E009EB638 /* Cell */,
				E05A62B72C01B8A600B4DDF9 /* TravelMagazine.storyboard */,
				E01063992C05C34900CA9E93 /* MagazineTableViewController.swift */,
			);
			path = Magazine;
			sourceTree = "<group>";
		};
		E01063972C05C0D600CA9E93 /* City */ = {
			isa = PBXGroup;
			children = (
				E0BC91B32C07062B009EB638 /* Cell */,
				E05A62E12C046D0C00B4DDF9 /* CityViewController.swift */,
				E05A62DF2C046CFF00B4DDF9 /* City.storyboard */,
				E0D5E08C2C06FE5B009E2191 /* CityDetail.storyboard */,
				E0D5E08E2C06FE63009E2191 /* CityDetailViewController.swift */,
			);
			path = City;
			sourceTree = "<group>";
		};
		E01063982C05C0DD00CA9E93 /* Restaurant */ = {
			isa = PBXGroup;
			children = (
				E0BC91B52C070645009EB638 /* Cell */,
				E05A62C32C02D83300B4DDF9 /* RestaurantTableViewController.swift */,
				E0BC91C62C0870E4009EB638 /* RestaurantMap.storyboard */,
				E0BC91C82C0870ED009EB638 /* RestaurantMapViewController.swift */,
				E0C756522C0A1B630099B0E5 /* Restaurant.storyboard */,
				E0C756542C0A1B7A0099B0E5 /* RestaurantViewController.swift */,
			);
			path = Restaurant;
			sourceTree = "<group>";
		};
		E05A62BE2C02D71F00B4DDF9 /* Model */ = {
			isa = PBXGroup;
			children = (
				E05A62E72C046D9E00B4DDF9 /* TravelModel.swift */,
				E0D5E0942C070465009E2191 /* CityInfo.swift */,
				E05A62BF2C02D74A00B4DDF9 /* Restaurant.swift */,
				E0D80E6E2C00A91200EAF595 /* Magazine.swift */,
			);
			path = Model;
			sourceTree = "<group>";
		};
		E05A62DC2C046C7100B4DDF9 /* Extension */ = {
			isa = PBXGroup;
			children = (
				E05A62D92C04651A00B4DDF9 /* UILabel + Extension.swift */,
				E05A62E92C04707200B4DDF9 /* UIImageView + Extension.swift */,
				E05A62EF2C04838F00B4DDF9 /* UITableCell + Extension.swift */,
				E0BC91BA2C070E97009EB638 /* UIView+ Extension.swift */,
				E0E49F422C0D5D2100DA4BCB /* UIColor + Extension.swift */,
			);
			path = Extension;
			sourceTree = "<group>";
		};
		E0BC91AD2C0705E5009EB638 /* PopularCity */ = {
			isa = PBXGroup;
			children = (
				E0BC91B22C070623009EB638 /* Cell */,
				E0BC91AE2C0705FB009EB638 /* PopularCity.storyboard */,
				E0BC91B02C070615009EB638 /* PopularCityViewController.swift */,
			);
			path = PopularCity;
			sourceTree = "<group>";
		};
		E0BC91B22C070623009EB638 /* Cell */ = {
			isa = PBXGroup;
			children = (
				E0BC91B62C07065D009EB638 /* PopularCityTableViewCell.swift */,
				E0BC91B72C07065D009EB638 /* PopularCityTableViewCell.xib */,
			);
			path = Cell;
			sourceTree = "<group>";
		};
		E0BC91B32C07062B009EB638 /* Cell */ = {
			isa = PBXGroup;
			children = (
				E05A62E32C046D2000B4DDF9 /* CityCell.swift */,
				E05A62E42C046D2000B4DDF9 /* CityCell.xib */,
				E05A62EB2C04746300B4DDF9 /* AdCell.swift */,
				E05A62EC2C04746300B4DDF9 /* AdCell.xib */,
				E0ABCC3B2C06218500C23B25 /* City+CosmosCell.swift */,
				E0ABCC3C2C06218500C23B25 /* City+CosmosCell.xib */,
			);
			path = Cell;
			sourceTree = "<group>";
		};
		E0BC91B42C07063E009EB638 /* Cell */ = {
			isa = PBXGroup;
			children = (
				E05A62B92C01BB1700B4DDF9 /* MagazineCell.swift */,
			);
			path = Cell;
			sourceTree = "<group>";
		};
		E0BC91B52C070645009EB638 /* Cell */ = {
			isa = PBXGroup;
			children = (
				E05A62C52C02D84D00B4DDF9 /* RestaurantCell.swift */,
				E0C7564E2C0A17BA0099B0E5 /* RestaurantTableViewCell.swift */,
				E0C7564F2C0A17BA0099B0E5 /* RestaurantTableViewCell.xib */,
				E0C756562C0A1D140099B0E5 /* FilterTableViewCell.swift */,
				E0C756572C0A1D140099B0E5 /* FilterTableViewCell.xib */,
			);
			path = Cell;
			sourceTree = "<group>";
		};
		E0D80E4E2C00A90400EAF595 = {
			isa = PBXGroup;
			children = (
				E0D80E592C00A90400EAF595 /* TableView_Travel */,
				E0D80E582C00A90400EAF595 /* Products */,
			);
			sourceTree = "<group>";
		};
		E0D80E582C00A90400EAF595 /* Products */ = {
			isa = PBXGroup;
			children = (
				E0D80E572C00A90400EAF595 /* TableView_Travel.app */,
			);
			name = Products;
			sourceTree = "<group>";
		};
		E0D80E592C00A90400EAF595 /* TableView_Travel */ = {
			isa = PBXGroup;
			children = (
				E0BC91CD2C0875A7009EB638 /* MyProtocol.swift */,
				E0BC91CA2C0873FB009EB638 /* Font.swift */,
				E05A62DC2C046C7100B4DDF9 /* Extension */,
				E05A62BE2C02D71F00B4DDF9 /* Model */,
				E01063962C05C0CE00CA9E93 /* Magazine */,
				E01063982C05C0DD00CA9E93 /* Restaurant */,
				E01063972C05C0D600CA9E93 /* City */,
				E0BC91AD2C0705E5009EB638 /* PopularCity */,
				E0D80E5A2C00A90400EAF595 /* AppDelegate.swift */,
				E0D80E5C2C00A90400EAF595 /* SceneDelegate.swift */,
				E0D80E632C00A90400EAF595 /* Assets.xcassets */,
				E0D80E652C00A90400EAF595 /* LaunchScreen.storyboard */,
				E0D80E682C00A90400EAF595 /* Info.plist */,
			);
			path = TableView_Travel;
			sourceTree = "<group>";
		};
/* End PBXGroup section */

/* Begin PBXNativeTarget section */
		E0D80E562C00A90400EAF595 /* TableView_Travel */ = {
			isa = PBXNativeTarget;
			buildConfigurationList = E0D80E6B2C00A90400EAF595 /* Build configuration list for PBXNativeTarget "TableView_Travel" */;
			buildPhases = (
				E0D80E532C00A90400EAF595 /* Sources */,
				E0D80E542C00A90400EAF595 /* Frameworks */,
				E0D80E552C00A90400EAF595 /* Resources */,
			);
			buildRules = (
			);
			dependencies = (
			);
			name = TableView_Travel;
			packageProductDependencies = (
				E05A62BC2C01C1D300B4DDF9 /* Kingfisher */,
				E0ABCC392C06215B00C23B25 /* Cosmos */,
			);
			productName = TableView_Travel;
			productReference = E0D80E572C00A90400EAF595 /* TableView_Travel.app */;
			productType = "com.apple.product-type.application";
		};
/* End PBXNativeTarget section */

/* Begin PBXProject section */
		E0D80E4F2C00A90400EAF595 /* Project object */ = {
			isa = PBXProject;
			attributes = {
				BuildIndependentTargetsInParallel = 1;
				LastSwiftUpdateCheck = 1530;
				LastUpgradeCheck = 1530;
				TargetAttributes = {
					E0D80E562C00A90400EAF595 = {
						CreatedOnToolsVersion = 15.3;
					};
				};
			};
			buildConfigurationList = E0D80E522C00A90400EAF595 /* Build configuration list for PBXProject "TableView_Travel" */;
			compatibilityVersion = "Xcode 14.0";
			developmentRegion = en;
			hasScannedForEncodings = 0;
			knownRegions = (
				en,
				Base,
			);
			mainGroup = E0D80E4E2C00A90400EAF595;
			packageReferences = (
				E05A62BB2C01C1D300B4DDF9 /* XCRemoteSwiftPackageReference "Kingfisher" */,
				E0ABCC382C06215B00C23B25 /* XCRemoteSwiftPackageReference "Cosmos" */,
			);
			productRefGroup = E0D80E582C00A90400EAF595 /* Products */;
			projectDirPath = "";
			projectRoot = "";
			targets = (
				E0D80E562C00A90400EAF595 /* TableView_Travel */,
			);
		};
/* End PBXProject section */

/* Begin PBXResourcesBuildPhase section */
		E0D80E552C00A90400EAF595 /* Resources */ = {
			isa = PBXResourcesBuildPhase;
			buildActionMask = 2147483647;
			files = (
				E0D5E08D2C06FE5B009E2191 /* CityDetail.storyboard in Resources */,
				E05A62E62C046D2000B4DDF9 /* CityCell.xib in Resources */,
				E0D80E642C00A90400EAF595 /* Assets.xcassets in Resources */,
				E0D80E672C00A90400EAF595 /* Base in Resources */,
				E05A62B82C01B8A600B4DDF9 /* TravelMagazine.storyboard in Resources */,
				E0ABCC3E2C06218500C23B25 /* City+CosmosCell.xib in Resources */,
				E0BC91B82C07065D009EB638 /* PopularCityTableViewCell.xib in Resources */,
				E0BC91AF2C0705FB009EB638 /* PopularCity.storyboard in Resources */,
				E0C756532C0A1B630099B0E5 /* Restaurant.storyboard in Resources */,
				E05A62E02C046CFF00B4DDF9 /* City.storyboard in Resources */,
				E0BC91C72C0870E4009EB638 /* RestaurantMap.storyboard in Resources */,
				E05A62EE2C04746300B4DDF9 /* AdCell.xib in Resources */,
				E0C756582C0A1D140099B0E5 /* FilterTableViewCell.xib in Resources */,
				E0C756502C0A17BA0099B0E5 /* RestaurantTableViewCell.xib in Resources */,
			);
			runOnlyForDeploymentPostprocessing = 0;
		};
/* End PBXResourcesBuildPhase section */

/* Begin PBXSourcesBuildPhase section */
		E0D80E532C00A90400EAF595 /* Sources */ = {
			isa = PBXSourcesBuildPhase;
			buildActionMask = 2147483647;
			files = (
				E05A62C42C02D83300B4DDF9 /* RestaurantTableViewController.swift in Sources */,
				E05A62EA2C04707200B4DDF9 /* UIImageView + Extension.swift in Sources */,
				E05A62E52C046D2000B4DDF9 /* CityCell.swift in Sources */,
				E0D80E6F2C00A91200EAF595 /* Magazine.swift in Sources */,
				E0E49F432C0D5D2100DA4BCB /* UIColor + Extension.swift in Sources */,
				E0D80E5B2C00A90400EAF595 /* AppDelegate.swift in Sources */,
				E0C756592C0A1D140099B0E5 /* FilterTableViewCell.swift in Sources */,
				E05A62F02C04838F00B4DDF9 /* UITableCell + Extension.swift in Sources */,
				E05A62C02C02D74A00B4DDF9 /* Restaurant.swift in Sources */,
				E05A62E22C046D0C00B4DDF9 /* CityViewController.swift in Sources */,
				E0ABCC3D2C06218500C23B25 /* City+CosmosCell.swift in Sources */,
				E0BC91B12C070615009EB638 /* PopularCityViewController.swift in Sources */,
				E05A62C62C02D84D00B4DDF9 /* RestaurantCell.swift in Sources */,
				E05A62ED2C04746300B4DDF9 /* AdCell.swift in Sources */,
				E05A62E82C046D9E00B4DDF9 /* TravelModel.swift in Sources */,
				E0BC91B92C07065D009EB638 /* PopularCityTableViewCell.swift in Sources */,
				E0D5E0952C070465009E2191 /* CityInfo.swift in Sources */,
				E0BC91BB2C070E97009EB638 /* UIView+ Extension.swift in Sources */,
				E05A62DA2C04651A00B4DDF9 /* UILabel + Extension.swift in Sources */,
				E0BC91C92C0870ED009EB638 /* RestaurantMapViewController.swift in Sources */,
				E0D80E5D2C00A90400EAF595 /* SceneDelegate.swift in Sources */,
				E0BC91CB2C0873FB009EB638 /* Font.swift in Sources */,
				E010639A2C05C34900CA9E93 /* MagazineTableViewController.swift in Sources */,
				E0C756552C0A1B7A0099B0E5 /* RestaurantViewController.swift in Sources */,
				E05A62BA2C01BB1700B4DDF9 /* MagazineCell.swift in Sources */,
				E0D5E08F2C06FE63009E2191 /* CityDetailViewController.swift in Sources */,
				E0C756512C0A17BA0099B0E5 /* RestaurantTableViewCell.swift in Sources */,
				E0BC91CE2C0875A7009EB638 /* MyProtocol.swift in Sources */,
			);
			runOnlyForDeploymentPostprocessing = 0;
		};
/* End PBXSourcesBuildPhase section */

/* Begin PBXVariantGroup section */
		E0D80E652C00A90400EAF595 /* LaunchScreen.storyboard */ = {
			isa = PBXVariantGroup;
			children = (
				E0D80E662C00A90400EAF595 /* Base */,
			);
			name = LaunchScreen.storyboard;
			sourceTree = "<group>";
		};
/* End PBXVariantGroup section */

/* Begin XCBuildConfiguration section */
		E0D80E692C00A90400EAF595 /* Debug */ = {
			isa = XCBuildConfiguration;
			buildSettings = {
				ALWAYS_SEARCH_USER_PATHS = NO;
				ASSETCATALOG_COMPILER_GENERATE_SWIFT_ASSET_SYMBOL_EXTENSIONS = YES;
				CLANG_ANALYZER_NONNULL = YES;
				CLANG_ANALYZER_NUMBER_OBJECT_CONVERSION = YES_AGGRESSIVE;
				CLANG_CXX_LANGUAGE_STANDARD = "gnu++20";
				CLANG_ENABLE_MODULES = YES;
				CLANG_ENABLE_OBJC_ARC = YES;
				CLANG_ENABLE_OBJC_WEAK = YES;
				CLANG_WARN_BLOCK_CAPTURE_AUTORELEASING = YES;
				CLANG_WARN_BOOL_CONVERSION = YES;
				CLANG_WARN_COMMA = YES;
				CLANG_WARN_CONSTANT_CONVERSION = YES;
				CLANG_WARN_DEPRECATED_OBJC_IMPLEMENTATIONS = YES;
				CLANG_WARN_DIRECT_OBJC_ISA_USAGE = YES_ERROR;
				CLANG_WARN_DOCUMENTATION_COMMENTS = YES;
				CLANG_WARN_EMPTY_BODY = YES;
				CLANG_WARN_ENUM_CONVERSION = YES;
				CLANG_WARN_INFINITE_RECURSION = YES;
				CLANG_WARN_INT_CONVERSION = YES;
				CLANG_WARN_NON_LITERAL_NULL_CONVERSION = YES;
				CLANG_WARN_OBJC_IMPLICIT_RETAIN_SELF = YES;
				CLANG_WARN_OBJC_LITERAL_CONVERSION = YES;
				CLANG_WARN_OBJC_ROOT_CLASS = YES_ERROR;
				CLANG_WARN_QUOTED_INCLUDE_IN_FRAMEWORK_HEADER = YES;
				CLANG_WARN_RANGE_LOOP_ANALYSIS = YES;
				CLANG_WARN_STRICT_PROTOTYPES = YES;
				CLANG_WARN_SUSPICIOUS_MOVE = YES;
				CLANG_WARN_UNGUARDED_AVAILABILITY = YES_AGGRESSIVE;
				CLANG_WARN_UNREACHABLE_CODE = YES;
				CLANG_WARN__DUPLICATE_METHOD_MATCH = YES;
				COPY_PHASE_STRIP = NO;
				DEBUG_INFORMATION_FORMAT = dwarf;
				ENABLE_STRICT_OBJC_MSGSEND = YES;
				ENABLE_TESTABILITY = YES;
				ENABLE_USER_SCRIPT_SANDBOXING = YES;
				GCC_C_LANGUAGE_STANDARD = gnu17;
				GCC_DYNAMIC_NO_PIC = NO;
				GCC_NO_COMMON_BLOCKS = YES;
				GCC_OPTIMIZATION_LEVEL = 0;
				GCC_PREPROCESSOR_DEFINITIONS = (
					"DEBUG=1",
					"$(inherited)",
				);
				GCC_WARN_64_TO_32_BIT_CONVERSION = YES;
				GCC_WARN_ABOUT_RETURN_TYPE = YES_ERROR;
				GCC_WARN_UNDECLARED_SELECTOR = YES;
				GCC_WARN_UNINITIALIZED_AUTOS = YES_AGGRESSIVE;
				GCC_WARN_UNUSED_FUNCTION = YES;
				GCC_WARN_UNUSED_VARIABLE = YES;
				IPHONEOS_DEPLOYMENT_TARGET = 17.4;
				LOCALIZATION_PREFERS_STRING_CATALOGS = YES;
				MTL_ENABLE_DEBUG_INFO = INCLUDE_SOURCE;
				MTL_FAST_MATH = YES;
				ONLY_ACTIVE_ARCH = YES;
				SDKROOT = iphoneos;
				SWIFT_ACTIVE_COMPILATION_CONDITIONS = "DEBUG $(inherited)";
				SWIFT_OPTIMIZATION_LEVEL = "-Onone";
			};
			name = Debug;
		};
		E0D80E6A2C00A90400EAF595 /* Release */ = {
			isa = XCBuildConfiguration;
			buildSettings = {
				ALWAYS_SEARCH_USER_PATHS = NO;
				ASSETCATALOG_COMPILER_GENERATE_SWIFT_ASSET_SYMBOL_EXTENSIONS = YES;
				CLANG_ANALYZER_NONNULL = YES;
				CLANG_ANALYZER_NUMBER_OBJECT_CONVERSION = YES_AGGRESSIVE;
				CLANG_CXX_LANGUAGE_STANDARD = "gnu++20";
				CLANG_ENABLE_MODULES = YES;
				CLANG_ENABLE_OBJC_ARC = YES;
				CLANG_ENABLE_OBJC_WEAK = YES;
				CLANG_WARN_BLOCK_CAPTURE_AUTORELEASING = YES;
				CLANG_WARN_BOOL_CONVERSION = YES;
				CLANG_WARN_COMMA = YES;
				CLANG_WARN_CONSTANT_CONVERSION = YES;
				CLANG_WARN_DEPRECATED_OBJC_IMPLEMENTATIONS = YES;
				CLANG_WARN_DIRECT_OBJC_ISA_USAGE = YES_ERROR;
				CLANG_WARN_DOCUMENTATION_COMMENTS = YES;
				CLANG_WARN_EMPTY_BODY = YES;
				CLANG_WARN_ENUM_CONVERSION = YES;
				CLANG_WARN_INFINITE_RECURSION = YES;
				CLANG_WARN_INT_CONVERSION = YES;
				CLANG_WARN_NON_LITERAL_NULL_CONVERSION = YES;
				CLANG_WARN_OBJC_IMPLICIT_RETAIN_SELF = YES;
				CLANG_WARN_OBJC_LITERAL_CONVERSION = YES;
				CLANG_WARN_OBJC_ROOT_CLASS = YES_ERROR;
				CLANG_WARN_QUOTED_INCLUDE_IN_FRAMEWORK_HEADER = YES;
				CLANG_WARN_RANGE_LOOP_ANALYSIS = YES;
				CLANG_WARN_STRICT_PROTOTYPES = YES;
				CLANG_WARN_SUSPICIOUS_MOVE = YES;
				CLANG_WARN_UNGUARDED_AVAILABILITY = YES_AGGRESSIVE;
				CLANG_WARN_UNREACHABLE_CODE = YES;
				CLANG_WARN__DUPLICATE_METHOD_MATCH = YES;
				COPY_PHASE_STRIP = NO;
				DEBUG_INFORMATION_FORMAT = "dwarf-with-dsym";
				ENABLE_NS_ASSERTIONS = NO;
				ENABLE_STRICT_OBJC_MSGSEND = YES;
				ENABLE_USER_SCRIPT_SANDBOXING = YES;
				GCC_C_LANGUAGE_STANDARD = gnu17;
				GCC_NO_COMMON_BLOCKS = YES;
				GCC_WARN_64_TO_32_BIT_CONVERSION = YES;
				GCC_WARN_ABOUT_RETURN_TYPE = YES_ERROR;
				GCC_WARN_UNDECLARED_SELECTOR = YES;
				GCC_WARN_UNINITIALIZED_AUTOS = YES_AGGRESSIVE;
				GCC_WARN_UNUSED_FUNCTION = YES;
				GCC_WARN_UNUSED_VARIABLE = YES;
				IPHONEOS_DEPLOYMENT_TARGET = 17.4;
				LOCALIZATION_PREFERS_STRING_CATALOGS = YES;
				MTL_ENABLE_DEBUG_INFO = NO;
				MTL_FAST_MATH = YES;
				SDKROOT = iphoneos;
				SWIFT_COMPILATION_MODE = wholemodule;
				VALIDATE_PRODUCT = YES;
			};
			name = Release;
		};
		E0D80E6C2C00A90400EAF595 /* Debug */ = {
			isa = XCBuildConfiguration;
			buildSettings = {
				ASSETCATALOG_COMPILER_APPICON_NAME = AppIcon;
				ASSETCATALOG_COMPILER_GLOBAL_ACCENT_COLOR_NAME = AccentColor;
				CODE_SIGN_STYLE = Automatic;
				CURRENT_PROJECT_VERSION = 1;
				DEVELOPMENT_TEAM = L348QC8MG7;
				GENERATE_INFOPLIST_FILE = YES;
				INFOPLIST_FILE = TableView_Travel/Info.plist;
				INFOPLIST_KEY_UIApplicationSupportsIndirectInputEvents = YES;
				INFOPLIST_KEY_UILaunchStoryboardName = LaunchScreen;
				INFOPLIST_KEY_UIMainStoryboardFile = TravelMagazine;
				INFOPLIST_KEY_UISupportedInterfaceOrientations_iPad = "UIInterfaceOrientationPortrait UIInterfaceOrientationPortraitUpsideDown UIInterfaceOrientationLandscapeLeft UIInterfaceOrientationLandscapeRight";
				INFOPLIST_KEY_UISupportedInterfaceOrientations_iPhone = "UIInterfaceOrientationPortrait UIInterfaceOrientationLandscapeLeft UIInterfaceOrientationLandscapeRight";
				IPHONEOS_DEPLOYMENT_TARGET = 16.0;
				LD_RUNPATH_SEARCH_PATHS = (
					"$(inherited)",
					"@executable_path/Frameworks",
				);
				MARKETING_VERSION = 1.0;
				PRODUCT_BUNDLE_IDENTIFIER = "jeongyun.TableView-Travel";
				PRODUCT_NAME = "$(TARGET_NAME)";
				SUPPORTED_PLATFORMS = "iphoneos iphonesimulator";
				SUPPORTS_MACCATALYST = NO;
				SUPPORTS_MAC_DESIGNED_FOR_IPHONE_IPAD = NO;
				SUPPORTS_XR_DESIGNED_FOR_IPHONE_IPAD = NO;
				SWIFT_EMIT_LOC_STRINGS = YES;
				SWIFT_VERSION = 5.0;
				TARGETED_DEVICE_FAMILY = 1;
			};
			name = Debug;
		};
		E0D80E6D2C00A90400EAF595 /* Release */ = {
			isa = XCBuildConfiguration;
			buildSettings = {
				ASSETCATALOG_COMPILER_APPICON_NAME = AppIcon;
				ASSETCATALOG_COMPILER_GLOBAL_ACCENT_COLOR_NAME = AccentColor;
				CODE_SIGN_STYLE = Automatic;
				CURRENT_PROJECT_VERSION = 1;
				DEVELOPMENT_TEAM = L348QC8MG7;
				GENERATE_INFOPLIST_FILE = YES;
				INFOPLIST_FILE = TableView_Travel/Info.plist;
				INFOPLIST_KEY_UIApplicationSupportsIndirectInputEvents = YES;
				INFOPLIST_KEY_UILaunchStoryboardName = LaunchScreen;
				INFOPLIST_KEY_UIMainStoryboardFile = TravelMagazine;
				INFOPLIST_KEY_UISupportedInterfaceOrientations_iPad = "UIInterfaceOrientationPortrait UIInterfaceOrientationPortraitUpsideDown UIInterfaceOrientationLandscapeLeft UIInterfaceOrientationLandscapeRight";
				INFOPLIST_KEY_UISupportedInterfaceOrientations_iPhone = "UIInterfaceOrientationPortrait UIInterfaceOrientationLandscapeLeft UIInterfaceOrientationLandscapeRight";
				IPHONEOS_DEPLOYMENT_TARGET = 16.0;
				LD_RUNPATH_SEARCH_PATHS = (
					"$(inherited)",
					"@executable_path/Frameworks",
				);
				MARKETING_VERSION = 1.0;
				PRODUCT_BUNDLE_IDENTIFIER = "jeongyun.TableView-Travel";
				PRODUCT_NAME = "$(TARGET_NAME)";
				SUPPORTED_PLATFORMS = "iphoneos iphonesimulator";
				SUPPORTS_MACCATALYST = NO;
				SUPPORTS_MAC_DESIGNED_FOR_IPHONE_IPAD = NO;
				SUPPORTS_XR_DESIGNED_FOR_IPHONE_IPAD = NO;
				SWIFT_EMIT_LOC_STRINGS = YES;
				SWIFT_VERSION = 5.0;
				TARGETED_DEVICE_FAMILY = 1;
			};
			name = Release;
		};
/* End XCBuildConfiguration section */

/* Begin XCConfigurationList section */
		E0D80E522C00A90400EAF595 /* Build configuration list for PBXProject "TableView_Travel" */ = {
			isa = XCConfigurationList;
			buildConfigurations = (
				E0D80E692C00A90400EAF595 /* Debug */,
				E0D80E6A2C00A90400EAF595 /* Release */,
			);
			defaultConfigurationIsVisible = 0;
			defaultConfigurationName = Release;
		};
		E0D80E6B2C00A90400EAF595 /* Build configuration list for PBXNativeTarget "TableView_Travel" */ = {
			isa = XCConfigurationList;
			buildConfigurations = (
				E0D80E6C2C00A90400EAF595 /* Debug */,
				E0D80E6D2C00A90400EAF595 /* Release */,
			);
			defaultConfigurationIsVisible = 0;
			defaultConfigurationName = Release;
		};
/* End XCConfigurationList section */

/* Begin XCRemoteSwiftPackageReference section */
		E05A62BB2C01C1D300B4DDF9 /* XCRemoteSwiftPackageReference "Kingfisher" */ = {
			isa = XCRemoteSwiftPackageReference;
			repositoryURL = "https://github.com/onevcat/Kingfisher.git";
			requirement = {
				kind = upToNextMajorVersion;
				minimumVersion = 7.11.0;
			};
		};
		E0ABCC382C06215B00C23B25 /* XCRemoteSwiftPackageReference "Cosmos" */ = {
			isa = XCRemoteSwiftPackageReference;
			repositoryURL = "https://github.com/evgenyneu/Cosmos";
			requirement = {
				kind = upToNextMajorVersion;
				minimumVersion = 25.0.1;
			};
		};
/* End XCRemoteSwiftPackageReference section */

/* Begin XCSwiftPackageProductDependency section */
		E05A62BC2C01C1D300B4DDF9 /* Kingfisher */ = {
			isa = XCSwiftPackageProductDependency;
			package = E05A62BB2C01C1D300B4DDF9 /* XCRemoteSwiftPackageReference "Kingfisher" */;
			productName = Kingfisher;
		};
		E0ABCC392C06215B00C23B25 /* Cosmos */ = {
			isa = XCSwiftPackageProductDependency;
			package = E0ABCC382C06215B00C23B25 /* XCRemoteSwiftPackageReference "Cosmos" */;
			productName = Cosmos;
		};
/* End XCSwiftPackageProductDependency section */
	};
	rootObject = E0D80E4F2C00A90400EAF595 /* Project object */;
}
